
Microsoft Visual Studio Solution File, Format Version 12.00
# Visual Studio Version 17
VisualStudioVersion = 17.9.34607.119
MinimumVisualStudioVersion = 10.0.40219.1
Project("{FAE04EC0-301F-11D3-BF4B-00C04F79EFBC}") = "bom", "bom.csproj", "{A96E9E06-FC03-45B6-A21C-38CB7AF8E280}"
EndProject
Global
	GlobalSection(SolutionConfigurationPlatforms) = preSolution
		Debug|Any CPU = Debug|Any CPU
		Release|Any CPU = Release|Any CPU
	EndGlobalSection
	GlobalSection(ProjectConfigurationPlatforms) = postSolution
		{A96E9E06-FC03-45B6-A21C-38CB7AF8E280}.Debug|Any CPU.ActiveCfg = Debug|Any CPU
		{A96E9E06-FC03-45B6-A21C-38CB7AF8E280}.Debug|Any CPU.Build.0 = Debug|Any CPU
		{A96E9E06-FC03-45B6-A21C-38CB7AF8E280}.Release|Any CPU.ActiveCfg = Release|Any CPU
		{A96E9E06-FC03-45B6-A21C-38CB7AF8E280}.Release|Any CPU.Build.0 = Release|Any CPU
	EndGlobalSection
	GlobalSection(SolutionProperties) = preSolution
		HideSolutionNode = FALSE
	EndGlobalSection
	GlobalSection(ExtensibilityGlobals) = postSolution
		SolutionGuid = {C90BD556-37D5-4FCE-83ED-A0FD0CB88017}
	EndGlobalSection
EndGlobal
